
Microsoft Visual Studio Solution File, Format Version 12.00
# Visual Studio 15
VisualStudioVersion = 15.0.26730.15
MinimumVisualStudioVersion = 10.0.40219.1
Project("{8BC9CEB8-8B4A-11D0-8D11-00A0C91BC942}") = "4-31", "4-31\4-31.vcxproj", "{76B8BEE2-DB67-4829-82C1-52A070C361AA}"
EndProject
Global
	GlobalSection(SolutionConfigurationPlatforms) = preSolution
		Debug|x64 = Debug|x64
		Debug|x86 = Debug|x86
		Release|x64 = Release|x64
		Release|x86 = Release|x86
	EndGlobalSection
	GlobalSection(ProjectConfigurationPlatforms) = postSolution
		{76B8BEE2-DB67-4829-82C1-52A070C361AA}.Debug|x64.ActiveCfg = Debug|x64
		{76B8BEE2-DB67-4829-82C1-52A070C361AA}.Debug|x64.Build.0 = Debug|x64
		{76B8BEE2-DB67-4829-82C1-52A070C361AA}.Debug|x86.ActiveCfg = Debug|Win32
		{76B8BEE2-DB67-4829-82C1-52A070C361AA}.Debug|x86.Build.0 = Debug|Win32
		{76B8BEE2-DB67-4829-82C1-52A070C361AA}.Release|x64.ActiveCfg = Release|x64
		{76B8BEE2-DB67-4829-82C1-52A070C361AA}.Release|x64.Build.0 = Release|x64
		{76B8BEE2-DB67-4829-82C1-52A070C361AA}.Release|x86.ActiveCfg = Release|Win32
		{76B8BEE2-DB67-4829-82C1-52A070C361AA}.Release|x86.Build.0 = Release|Win32
	EndGlobalSection
	GlobalSection(SolutionProperties) = preSolution
		HideSolutionNode = FALSE
	EndGlobalSection
	GlobalSection(ExtensibilityGlobals) = postSolution
		SolutionGuid = {3B938DED-E274-40B9-93C4-3C6CDD8F76C7}
	EndGlobalSection
EndGlobal
